// !$*UTF8*$!
{
	archiveVersion = 1;
	classes = {
	};
	objectVersion = 46;
	objects = {

/* Begin PBXBuildFile section */
		C1266ABD173BD38F00364716 /* NSDictionary+JsonData.m in Sources */ = {isa = PBXBuildFile; fileRef = C1266ABC173BD38F00364716 /* NSDictionary+JsonData.m */; };
		C1266AC0173BD6FE00364716 /* GameRequester.m in Sources */ = {isa = PBXBuildFile; fileRef = C1266ABF173BD6FE00364716 /* GameRequester.m */; };
		C198CB11173B9C3100E80B21 /* BlockConnector.m in Sources */ = {isa = PBXBuildFile; fileRef = C198CB0F173B9C3100E80B21 /* BlockConnector.m */; };
		C198CB14173B9DF000E80B21 /* NSData+ToString.m in Sources */ = {isa = PBXBuildFile; fileRef = C198CB13173B9DF000E80B21 /* NSData+ToString.m */; };
		C1C4A3BF173BDA5700B4BE24 /* Game.m in Sources */ = {isa = PBXBuildFile; fileRef = C1C4A3BE173BDA5700B4BE24 /* Game.m */; };
		C1DCD4EB173B985500B3517B /* UIKit.framework in Frameworks */ = {isa = PBXBuildFile; fileRef = C1DCD4EA173B985500B3517B /* UIKit.framework */; };
		C1DCD4ED173B985500B3517B /* Foundation.framework in Frameworks */ = {isa = PBXBuildFile; fileRef = C1DCD4EC173B985500B3517B /* Foundation.framework */; };
		C1DCD4EF173B985500B3517B /* CoreGraphics.framework in Frameworks */ = {isa = PBXBuildFile; fileRef = C1DCD4EE173B985500B3517B /* CoreGraphics.framework */; };
		C1DCD4F5173B985500B3517B /* InfoPlist.strings in Resources */ = {isa = PBXBuildFile; fileRef = C1DCD4F3173B985500B3517B /* InfoPlist.strings */; };
		C1DCD4F7173B985500B3517B /* main.m in Sources */ = {isa = PBXBuildFile; fileRef = C1DCD4F6173B985500B3517B /* main.m */; };
		C1DCD4FB173B985500B3517B /* AppDelegate.m in Sources */ = {isa = PBXBuildFile; fileRef = C1DCD4FA173B985500B3517B /* AppDelegate.m */; };
		C1DCD4FD173B985500B3517B /* Default.png in Resources */ = {isa = PBXBuildFile; fileRef = C1DCD4FC173B985500B3517B /* Default.png */; };
		C1DCD4FF173B985500B3517B /* Default@2x.png in Resources */ = {isa = PBXBuildFile; fileRef = C1DCD4FE173B985500B3517B /* Default@2x.png */; };
		C1DCD501173B985500B3517B /* Default-568h@2x.png in Resources */ = {isa = PBXBuildFile; fileRef = C1DCD500173B985500B3517B /* Default-568h@2x.png */; };
		C1DCD504173B985500B3517B /* GameTableController.m in Sources */ = {isa = PBXBuildFile; fileRef = C1DCD503173B985500B3517B /* GameTableController.m */; };
/* End PBXBuildFile section */

/* Begin PBXFileReference section */
		C1266ABB173BD38F00364716 /* NSDictionary+JsonData.h */ = {isa = PBXFileReference; fileEncoding = 4; lastKnownFileType = sourcecode.c.h; name = "NSDictionary+JsonData.h"; path = "../Src/NSDictionary+JsonData.h"; sourceTree = "<group>"; };
		C1266ABC173BD38F00364716 /* NSDictionary+JsonData.m */ = {isa = PBXFileReference; fileEncoding = 4; lastKnownFileType = sourcecode.c.objc; name = "NSDictionary+JsonData.m"; path = "../Src/NSDictionary+JsonData.m"; sourceTree = "<group>"; };
		C1266ABE173BD6FE00364716 /* GameRequester.h */ = {isa = PBXFileReference; fileEncoding = 4; lastKnownFileType = sourcecode.c.h; path = GameRequester.h; sourceTree = "<group>"; };
		C1266ABF173BD6FE00364716 /* GameRequester.m */ = {isa = PBXFileReference; fileEncoding = 4; lastKnownFileType = sourcecode.c.objc; path = GameRequester.m; sourceTree = "<group>"; };
		C198CB0F173B9C3100E80B21 /* BlockConnector.m */ = {isa = PBXFileReference; fileEncoding = 4; lastKnownFileType = sourcecode.c.objc; name = BlockConnector.m; path = ../Src/BlockConnector.m; sourceTree = "<group>"; };
		C198CB10173B9C3100E80B21 /* BlockConnector.h */ = {isa = PBXFileReference; fileEncoding = 4; lastKnownFileType = sourcecode.c.h; name = BlockConnector.h; path = ../Src/BlockConnector.h; sourceTree = "<group>"; };
		C198CB12173B9DF000E80B21 /* NSData+ToString.h */ = {isa = PBXFileReference; fileEncoding = 4; lastKnownFileType = sourcecode.c.h; name = "NSData+ToString.h"; path = "../Src/NSData+ToString.h"; sourceTree = "<group>"; };
		C198CB13173B9DF000E80B21 /* NSData+ToString.m */ = {isa = PBXFileReference; fileEncoding = 4; lastKnownFileType = sourcecode.c.objc; name = "NSData+ToString.m"; path = "../Src/NSData+ToString.m"; sourceTree = "<group>"; };
		C1C4A3BD173BDA5700B4BE24 /* Game.h */ = {isa = PBXFileReference; fileEncoding = 4; lastKnownFileType = sourcecode.c.h; path = Game.h; sourceTree = "<group>"; };
		C1C4A3BE173BDA5700B4BE24 /* Game.m */ = {isa = PBXFileReference; fileEncoding = 4; lastKnownFileType = sourcecode.c.objc; path = Game.m; sourceTree = "<group>"; };
		C1DCD4E7173B985500B3517B /* BlockConnectorTestApp.app */ = {isa = PBXFileReference; explicitFileType = wrapper.application; includeInIndex = 0; path = BlockConnectorTestApp.app; sourceTree = BUILT_PRODUCTS_DIR; };
		C1DCD4EA173B985500B3517B /* UIKit.framework */ = {isa = PBXFileReference; lastKnownFileType = wrapper.framework; name = UIKit.framework; path = System/Library/Frameworks/UIKit.framework; sourceTree = SDKROOT; };
		C1DCD4EC173B985500B3517B /* Foundation.framework */ = {isa = PBXFileReference; lastKnownFileType = wrapper.framework; name = Foundation.framework; path = System/Library/Frameworks/Foundation.framework; sourceTree = SDKROOT; };
		C1DCD4EE173B985500B3517B /* CoreGraphics.framework */ = {isa = PBXFileReference; lastKnownFileType = wrapper.framework; name = CoreGraphics.framework; path = System/Library/Frameworks/CoreGraphics.framework; sourceTree = SDKROOT; };
		C1DCD4F2173B985500B3517B /* BlockConnectorTestApp-Info.plist */ = {isa = PBXFileReference; lastKnownFileType = text.plist.xml; path = "BlockConnectorTestApp-Info.plist"; sourceTree = "<group>"; };
		C1DCD4F4173B985500B3517B /* en */ = {isa = PBXFileReference; lastKnownFileType = text.plist.strings; name = en; path = en.lproj/InfoPlist.strings; sourceTree = "<group>"; };
		C1DCD4F6173B985500B3517B /* main.m */ = {isa = PBXFileReference; lastKnownFileType = sourcecode.c.objc; path = main.m; sourceTree = "<group>"; };
		C1DCD4F8173B985500B3517B /* BlockConnectorTestApp-Prefix.pch */ = {isa = PBXFileReference; lastKnownFileType = sourcecode.c.h; path = "BlockConnectorTestApp-Prefix.pch"; sourceTree = "<group>"; };
		C1DCD4F9173B985500B3517B /* AppDelegate.h */ = {isa = PBXFileReference; lastKnownFileType = sourcecode.c.h; path = AppDelegate.h; sourceTree = "<group>"; };
		C1DCD4FA173B985500B3517B /* AppDelegate.m */ = {isa = PBXFileReference; lastKnownFileType = sourcecode.c.objc; path = AppDelegate.m; sourceTree = "<group>"; };
		C1DCD4FC173B985500B3517B /* Default.png */ = {isa = PBXFileReference; lastKnownFileType = image.png; path = Default.png; sourceTree = "<group>"; };
		C1DCD4FE173B985500B3517B /* Default@2x.png */ = {isa = PBXFileReference; lastKnownFileType = image.png; path = "Default@2x.png"; sourceTree = "<group>"; };
		C1DCD500173B985500B3517B /* Default-568h@2x.png */ = {isa = PBXFileReference; lastKnownFileType = image.png; path = "Default-568h@2x.png"; sourceTree = "<group>"; };
		C1DCD502173B985500B3517B /* GameTableController.h */ = {isa = PBXFileReference; lastKnownFileType = sourcecode.c.h; path = GameTableController.h; sourceTree = "<group>"; };
		C1DCD503173B985500B3517B /* GameTableController.m */ = {isa = PBXFileReference; lastKnownFileType = sourcecode.c.objc; path = GameTableController.m; sourceTree = "<group>"; };
/* End PBXFileReference section */

/* Begin PBXFrameworksBuildPhase section */
		C1DCD4E4173B985500B3517B /* Frameworks */ = {
			isa = PBXFrameworksBuildPhase;
			buildActionMask = 2147483647;
			files = (
				C1DCD4EB173B985500B3517B /* UIKit.framework in Frameworks */,
				C1DCD4ED173B985500B3517B /* Foundation.framework in Frameworks */,
				C1DCD4EF173B985500B3517B /* CoreGraphics.framework in Frameworks */,
			);
			runOnlyForDeploymentPostprocessing = 0;
		};
/* End PBXFrameworksBuildPhase section */

/* Begin PBXGroup section */
		C198CB15173B9DF400E80B21 /* Src */ = {
			isa = PBXGroup;
			children = (
				C198CB0F173B9C3100E80B21 /* BlockConnector.m */,
				C198CB10173B9C3100E80B21 /* BlockConnector.h */,
				C198CB12173B9DF000E80B21 /* NSData+ToString.h */,
				C198CB13173B9DF000E80B21 /* NSData+ToString.m */,
				C1266ABB173BD38F00364716 /* NSDictionary+JsonData.h */,
				C1266ABC173BD38F00364716 /* NSDictionary+JsonData.m */,
			);
			name = Src;
			sourceTree = "<group>";
		};
		C1DCD4DE173B985500B3517B = {
			isa = PBXGroup;
			children = (
				C198CB15173B9DF400E80B21 /* Src */,
				C1DCD4F0173B985500B3517B /* BlockConnectorTestApp */,
				C1DCD4E9173B985500B3517B /* Frameworks */,
				C1DCD4E8173B985500B3517B /* Products */,
			);
			sourceTree = "<group>";
		};
		C1DCD4E8173B985500B3517B /* Products */ = {
			isa = PBXGroup;
			children = (
				C1DCD4E7173B985500B3517B /* BlockConnectorTestApp.app */,
			);
			name = Products;
			sourceTree = "<group>";
		};
		C1DCD4E9173B985500B3517B /* Frameworks */ = {
			isa = PBXGroup;
			children = (
				C1DCD4EA173B985500B3517B /* UIKit.framework */,
				C1DCD4EC173B985500B3517B /* Foundation.framework */,
				C1DCD4EE173B985500B3517B /* CoreGraphics.framework */,
			);
			name = Frameworks;
			sourceTree = "<group>";
		};
		C1DCD4F0173B985500B3517B /* BlockConnectorTestApp */ = {
			isa = PBXGroup;
			children = (
				C1C4A3BD173BDA5700B4BE24 /* Game.h */,
				C1C4A3BE173BDA5700B4BE24 /* Game.m */,
				C1266ABE173BD6FE00364716 /* GameRequester.h */,
				C1266ABF173BD6FE00364716 /* GameRequester.m */,
				C1DCD4F9173B985500B3517B /* AppDelegate.h */,
				C1DCD4FA173B985500B3517B /* AppDelegate.m */,
				C1DCD502173B985500B3517B /* GameTableController.h */,
				C1DCD503173B985500B3517B /* GameTableController.m */,
				C1DCD4F1173B985500B3517B /* Supporting Files */,
			);
			path = BlockConnectorTestApp;
			sourceTree = "<group>";
		};
		C1DCD4F1173B985500B3517B /* Supporting Files */ = {
			isa = PBXGroup;
			children = (
				C1DCD4F2173B985500B3517B /* BlockConnectorTestApp-Info.plist */,
				C1DCD4F3173B985500B3517B /* InfoPlist.strings */,
				C1DCD4F6173B985500B3517B /* main.m */,
				C1DCD4F8173B985500B3517B /* BlockConnectorTestApp-Prefix.pch */,
				C1DCD4FC173B985500B3517B /* Default.png */,
				C1DCD4FE173B985500B3517B /* Default@2x.png */,
				C1DCD500173B985500B3517B /* Default-568h@2x.png */,
			);
			name = "Supporting Files";
			sourceTree = "<group>";
		};
/* End PBXGroup section */

/* Begin PBXNativeTarget section */
		C1DCD4E6173B985500B3517B /* BlockConnectorTestApp */ = {
			isa = PBXNativeTarget;
			buildConfigurationList = C1DCD50D173B985500B3517B /* Build configuration list for PBXNativeTarget "BlockConnectorTestApp" */;
			buildPhases = (
				C1DCD4E3173B985500B3517B /* Sources */,
				C1DCD4E4173B985500B3517B /* Frameworks */,
				C1DCD4E5173B985500B3517B /* Resources */,
			);
			buildRules = (
			);
			dependencies = (
			);
			name = BlockConnectorTestApp;
			productName = BlockConnectorTestApp;
			productReference = C1DCD4E7173B985500B3517B /* BlockConnectorTestApp.app */;
			productType = "com.apple.product-type.application";
		};
/* End PBXNativeTarget section */

/* Begin PBXProject section */
		C1DCD4DF173B985500B3517B /* Project object */ = {
			isa = PBXProject;
			attributes = {
				LastUpgradeCheck = 0460;
				ORGANIZATIONNAME = "Mikael Konradsson";
			};
			buildConfigurationList = C1DCD4E2173B985500B3517B /* Build configuration list for PBXProject "BlockConnectorTestApp" */;
			compatibilityVersion = "Xcode 3.2";
			developmentRegion = English;
			hasScannedForEncodings = 0;
			knownRegions = (
				en,
			);
			mainGroup = C1DCD4DE173B985500B3517B;
			productRefGroup = C1DCD4E8173B985500B3517B /* Products */;
			projectDirPath = "";
			projectRoot = "";
			targets = (
				C1DCD4E6173B985500B3517B /* BlockConnectorTestApp */,
			);
		};
/* End PBXProject section */

/* Begin PBXResourcesBuildPhase section */
		C1DCD4E5173B985500B3517B /* Resources */ = {
			isa = PBXResourcesBuildPhase;
			buildActionMask = 2147483647;
			files = (
				C1DCD4F5173B985500B3517B /* InfoPlist.strings in Resources */,
				C1DCD4FD173B985500B3517B /* Default.png in Resources */,
				C1DCD4FF173B985500B3517B /* Default@2x.png in Resources */,
				C1DCD501173B985500B3517B /* Default-568h@2x.png in Resources */,
			);
			runOnlyForDeploymentPostprocessing = 0;
		};
/* End PBXResourcesBuildPhase section */

/* Begin PBXSourcesBuildPhase section */
		C1DCD4E3173B985500B3517B /* Sources */ = {
			isa = PBXSourcesBuildPhase;
			buildActionMask = 2147483647;
			files = (
				C1DCD4F7173B985500B3517B /* main.m in Sources */,
				C1DCD4FB173B985500B3517B /* AppDelegate.m in Sources */,
				C1DCD504173B985500B3517B /* GameTableController.m in Sources */,
				C198CB11173B9C3100E80B21 /* BlockConnector.m in Sources */,
				C198CB14173B9DF000E80B21 /* NSData+ToString.m in Sources */,
				C1266ABD173BD38F00364716 /* NSDictionary+JsonData.m in Sources */,
				C1266AC0173BD6FE00364716 /* GameRequester.m in Sources */,
				C1C4A3BF173BDA5700B4BE24 /* Game.m in Sources */,
			);
			runOnlyForDeploymentPostprocessing = 0;
		};
/* End PBXSourcesBuildPhase section */

/* Begin PBXVariantGroup section */
		C1DCD4F3173B985500B3517B /* InfoPlist.strings */ = {
			isa = PBXVariantGroup;
			children = (
				C1DCD4F4173B985500B3517B /* en */,
			);
			name = InfoPlist.strings;
			sourceTree = "<group>";
		};
/* End PBXVariantGroup section */

/* Begin XCBuildConfiguration section */
		C1DCD50B173B985500B3517B /* Debug */ = {
			isa = XCBuildConfiguration;
			buildSettings = {
				ALWAYS_SEARCH_USER_PATHS = NO;
				CLANG_CXX_LANGUAGE_STANDARD = "gnu++0x";
				CLANG_CXX_LIBRARY = "libc++";
				CLANG_ENABLE_OBJC_ARC = YES;
				CLANG_WARN_CONSTANT_CONVERSION = YES;
				CLANG_WARN_EMPTY_BODY = YES;
				CLANG_WARN_ENUM_CONVERSION = YES;
				CLANG_WARN_INT_CONVERSION = YES;
				CLANG_WARN__DUPLICATE_METHOD_MATCH = YES;
				"CODE_SIGN_IDENTITY[sdk=iphoneos*]" = "iPhone Developer";
				COPY_PHASE_STRIP = NO;
				GCC_C_LANGUAGE_STANDARD = gnu99;
				GCC_DYNAMIC_NO_PIC = NO;
				GCC_OPTIMIZATION_LEVEL = 0;
				GCC_PREPROCESSOR_DEFINITIONS = (
					"DEBUG=1",
					"$(inherited)",
				);
				GCC_SYMBOLS_PRIVATE_EXTERN = NO;
				GCC_WARN_ABOUT_RETURN_TYPE = YES;
				GCC_WARN_UNINITIALIZED_AUTOS = YES;
				GCC_WARN_UNUSED_VARIABLE = YES;
				IPHONEOS_DEPLOYMENT_TARGET = 6.1;
				ONLY_ACTIVE_ARCH = YES;
				SDKROOT = iphoneos;
				TARGETED_DEVICE_FAMILY = "1,2";
			};
			name = Debug;
		};
		C1DCD50C173B985500B3517B /* Release */ = {
			isa = XCBuildConfiguration;
			buildSettings = {
				ALWAYS_SEARCH_USER_PATHS = NO;
				CLANG_CXX_LANGUAGE_STANDARD = "gnu++0x";
				CLANG_CXX_LIBRARY = "libc++";
				CLANG_ENABLE_OBJC_ARC = YES;
				CLANG_WARN_CONSTANT_CONVERSION = YES;
				CLANG_WARN_EMPTY_BODY = YES;
				CLANG_WARN_ENUM_CONVERSION = YES;
				CLANG_WARN_INT_CONVERSION = YES;
				CLANG_WARN__DUPLICATE_METHOD_MATCH = YES;
				"CODE_SIGN_IDENTITY[sdk=iphoneos*]" = "iPhone Developer";
				COPY_PHASE_STRIP = YES;
				GCC_C_LANGUAGE_STANDARD = gnu99;
				GCC_WARN_ABOUT_RETURN_TYPE = YES;
				GCC_WARN_UNINITIALIZED_AUTOS = YES;
				GCC_WARN_UNUSED_VARIABLE = YES;
				IPHONEOS_DEPLOYMENT_TARGET = 6.1;
				OTHER_CFLAGS = "-DNS_BLOCK_ASSERTIONS=1";
				SDKROOT = iphoneos;
				TARGETED_DEVICE_FAMILY = "1,2";
				VALIDATE_PRODUCT = YES;
			};
			name = Release;
		};
		C1DCD50E173B985500B3517B /* Debug */ = {
			isa = XCBuildConfiguration;
			buildSettings = {
				GCC_PRECOMPILE_PREFIX_HEADER = YES;
				GCC_PREFIX_HEADER = "BlockConnectorTestApp/BlockConnectorTestApp-Prefix.pch";
				INFOPLIST_FILE = "BlockConnectorTestApp/BlockConnectorTestApp-Info.plist";
				PRODUCT_NAME = "$(TARGET_NAME)";
				WRAPPER_EXTENSION = app;
			};
			name = Debug;
		};
		C1DCD50F173B985500B3517B /* Release */ = {
			isa = XCBuildConfiguration;
			buildSettings = {
				GCC_PRECOMPILE_PREFIX_HEADER = YES;
				GCC_PREFIX_HEADER = "BlockConnectorTestApp/BlockConnectorTestApp-Prefix.pch";
				INFOPLIST_FILE = "BlockConnectorTestApp/BlockConnectorTestApp-Info.plist";
				PRODUCT_NAME = "$(TARGET_NAME)";
				WRAPPER_EXTENSION = app;
			};
			name = Release;
		};
/* End XCBuildConfiguration section */

/* Begin XCConfigurationList section */
		C1DCD4E2173B985500B3517B /* Build configuration list for PBXProject "BlockConnectorTestApp" */ = {
			isa = XCConfigurationList;
			buildConfigurations = (
				C1DCD50B173B985500B3517B /* Debug */,
				C1DCD50C173B985500B3517B /* Release */,
			);
			defaultConfigurationIsVisible = 0;
			defaultConfigurationName = Release;
		};
		C1DCD50D173B985500B3517B /* Build configuration list for PBXNativeTarget "BlockConnectorTestApp" */ = {
			isa = XCConfigurationList;
			buildConfigurations = (
				C1DCD50E173B985500B3517B /* Debug */,
				C1DCD50F173B985500B3517B /* Release */,
			);
			defaultConfigurationIsVisible = 0;
			defaultConfigurationName = Release;
		};
/* End XCConfigurationList section */
	};
	rootObject = C1DCD4DF173B985500B3517B /* Project object */;
}
